// !$*UTF8*$!
{
	archiveVersion = 1;
	classes = {
	};
	objectVersion = 56;
	objects = {

/* Begin PBXBuildFile section */
		5126DAE82AA135FA0099E40D /* HeartRespSensorApp.swift in Sources */ = {isa = PBXBuildFile; fileRef = 5126DAE72AA135FA0099E40D /* HeartRespSensorApp.swift */; };
		5126DAEA2AA135FA0099E40D /* HomeView.swift in Sources */ = {isa = PBXBuildFile; fileRef = 5126DAE92AA135FA0099E40D /* HomeView.swift */; };
		5126DAEC2AA135FB0099E40D /* Assets.xcassets in Resources */ = {isa = PBXBuildFile; fileRef = 5126DAEB2AA135FB0099E40D /* Assets.xcassets */; };
		5126DAEF2AA135FB0099E40D /* Preview Assets.xcassets in Resources */ = {isa = PBXBuildFile; fileRef = 5126DAEE2AA135FB0099E40D /* Preview Assets.xcassets */; };
		5126DAF62AA1378C0099E40D /* SymptomsView.swift in Sources */ = {isa = PBXBuildFile; fileRef = 5126DAF52AA1378C0099E40D /* SymptomsView.swift */; };
		5126DAF92AA17CFD0099E40D /* HeartRespSensor.xcdatamodeld in Sources */ = {isa = PBXBuildFile; fileRef = 5126DAF72AA17CFD0099E40D /* HeartRespSensor.xcdatamodeld */; };
		5126DAFB2AA17D780099E40D /* DataController.swift in Sources */ = {isa = PBXBuildFile; fileRef = 5126DAFA2AA17D780099E40D /* DataController.swift */; };
		51FBFBC32AA2998A00C30FAD /* Constants.swift in Sources */ = {isa = PBXBuildFile; fileRef = 51FBFBC22AA2998A00C30FAD /* Constants.swift */; };
/* End PBXBuildFile section */

/* Begin PBXFileReference section */
		5126DAE42AA135FA0099E40D /* HeartRespSensor.app */ = {isa = PBXFileReference; explicitFileType = wrapper.application; includeInIndex = 0; path = HeartRespSensor.app; sourceTree = BUILT_PRODUCTS_DIR; };
		5126DAE72AA135FA0099E40D /* HeartRespSensorApp.swift */ = {isa = PBXFileReference; lastKnownFileType = sourcecode.swift; path = HeartRespSensorApp.swift; sourceTree = "<group>"; };
		5126DAE92AA135FA0099E40D /* HomeView.swift */ = {isa = PBXFileReference; lastKnownFileType = sourcecode.swift; path = HomeView.swift; sourceTree = "<group>"; };
		5126DAEB2AA135FB0099E40D /* Assets.xcassets */ = {isa = PBXFileReference; lastKnownFileType = folder.assetcatalog; path = Assets.xcassets; sourceTree = "<group>"; };
		5126DAEE2AA135FB0099E40D /* Preview Assets.xcassets */ = {isa = PBXFileReference; lastKnownFileType = folder.assetcatalog; path = "Preview Assets.xcassets"; sourceTree = "<group>"; };
		5126DAF52AA1378C0099E40D /* SymptomsView.swift */ = {isa = PBXFileReference; lastKnownFileType = sourcecode.swift; path = SymptomsView.swift; sourceTree = "<group>"; };
		5126DAF82AA17CFD0099E40D /* HeartRespSensor.xcdatamodel */ = {isa = PBXFileReference; lastKnownFileType = wrapper.xcdatamodel; path = HeartRespSensor.xcdatamodel; sourceTree = "<group>"; };
		5126DAFA2AA17D780099E40D /* DataController.swift */ = {isa = PBXFileReference; lastKnownFileType = sourcecode.swift; path = DataController.swift; sourceTree = "<group>"; };
		51FBFBC22AA2998A00C30FAD /* Constants.swift */ = {isa = PBXFileReference; lastKnownFileType = sourcecode.swift; path = Constants.swift; sourceTree = "<group>"; };
/* End PBXFileReference section */

/* Begin PBXFrameworksBuildPhase section */
		5126DAE12AA135FA0099E40D /* Frameworks */ = {
			isa = PBXFrameworksBuildPhase;
			buildActionMask = 2147483647;
			files = (
			);
			runOnlyForDeploymentPostprocessing = 0;
		};
/* End PBXFrameworksBuildPhase section */

/* Begin PBXGroup section */
		5126DADB2AA135FA0099E40D = {
			isa = PBXGroup;
			children = (
				5126DAE62AA135FA0099E40D /* HeartRespSensor */,
				5126DAE52AA135FA0099E40D /* Products */,
			);
			sourceTree = "<group>";
		};
		5126DAE52AA135FA0099E40D /* Products */ = {
			isa = PBXGroup;
			children = (
				5126DAE42AA135FA0099E40D /* HeartRespSensor.app */,
			);
			name = Products;
			sourceTree = "<group>";
		};
		5126DAE62AA135FA0099E40D /* HeartRespSensor */ = {
			isa = PBXGroup;
			children = (
				5126DAE72AA135FA0099E40D /* HeartRespSensorApp.swift */,
				51FBFBC22AA2998A00C30FAD /* Constants.swift */,
				5126DAFA2AA17D780099E40D /* DataController.swift */,
				5126DAE92AA135FA0099E40D /* HomeView.swift */,
				5126DAF52AA1378C0099E40D /* SymptomsView.swift */,
				5126DAF72AA17CFD0099E40D /* HeartRespSensor.xcdatamodeld */,
				5126DAEB2AA135FB0099E40D /* Assets.xcassets */,
				5126DAED2AA135FB0099E40D /* Preview Content */,
			);
			path = HeartRespSensor;
			sourceTree = "<group>";
		};
		5126DAED2AA135FB0099E40D /* Preview Content */ = {
			isa = PBXGroup;
			children = (
				5126DAEE2AA135FB0099E40D /* Preview Assets.xcassets */,
			);
			path = "Preview Content";
			sourceTree = "<group>";
		};
/* End PBXGroup section */

/* Begin PBXNativeTarget section */
		5126DAE32AA135FA0099E40D /* HeartRespSensor */ = {
			isa = PBXNativeTarget;
			buildConfigurationList = 5126DAF22AA135FB0099E40D /* Build configuration list for PBXNativeTarget "HeartRespSensor" */;
			buildPhases = (
				5126DAE02AA135FA0099E40D /* Sources */,
				5126DAE12AA135FA0099E40D /* Frameworks */,
				5126DAE22AA135FA0099E40D /* Resources */,
			);
			buildRules = (
			);
			dependencies = (
			);
			name = HeartRespSensor;
			productName = HeartRespSensor;
			productReference = 5126DAE42AA135FA0099E40D /* HeartRespSensor.app */;
			productType = "com.apple.product-type.application";
		};
/* End PBXNativeTarget section */

/* Begin PBXProject section */
		5126DADC2AA135FA0099E40D /* Project object */ = {
			isa = PBXProject;
			attributes = {
				BuildIndependentTargetsInParallel = 1;
				LastSwiftUpdateCheck = 1430;
				LastUpgradeCheck = 1430;
				TargetAttributes = {
					5126DAE32AA135FA0099E40D = {
						CreatedOnToolsVersion = 14.3.1;
					};
				};
			};
			buildConfigurationList = 5126DADF2AA135FA0099E40D /* Build configuration list for PBXProject "HeartRespSensor" */;
			compatibilityVersion = "Xcode 14.0";
			developmentRegion = en;
			hasScannedForEncodings = 0;
			knownRegions = (
				en,
				Base,
			);
			mainGroup = 5126DADB2AA135FA0099E40D;
			productRefGroup = 5126DAE52AA135FA0099E40D /* Products */;
			projectDirPath = "";
			projectRoot = "";
			targets = (
				5126DAE32AA135FA0099E40D /* HeartRespSensor */,
			);
		};
/* End PBXProject section */

/* Begin PBXResourcesBuildPhase section */
		5126DAE22AA135FA0099E40D /* Resources */ = {
			isa = PBXResourcesBuildPhase;
			buildActionMask = 2147483647;
			files = (
				5126DAEF2AA135FB0099E40D /* Preview Assets.xcassets in Resources */,
				5126DAEC2AA135FB0099E40D /* Assets.xcassets in Resources */,
			);
			runOnlyForDeploymentPostprocessing = 0;
		};
/* End PBXResourcesBuildPhase section */

/* Begin PBXSourcesBuildPhase section */
		5126DAE02AA135FA0099E40D /* Sources */ = {
			isa = PBXSourcesBuildPhase;
			buildActionMask = 2147483647;
			files = (
				5126DAFB2AA17D780099E40D /* DataController.swift in Sources */,
				51FBFBC32AA2998A00C30FAD /* Constants.swift in Sources */,
				5126DAF92AA17CFD0099E40D /* HeartRespSensor.xcdatamodeld in Sources */,
				5126DAF62AA1378C0099E40D /* SymptomsView.swift in Sources */,
				5126DAEA2AA135FA0099E40D /* HomeView.swift in Sources */,
				5126DAE82AA135FA0099E40D /* HeartRespSensorApp.swift in Sources */,
			);
			runOnlyForDeploymentPostprocessing = 0;
		};
/* End PBXSourcesBuildPhase section */

/* Begin XCBuildConfiguration section */
		5126DAF02AA135FB0099E40D /* Debug */ = {
			isa = XCBuildConfiguration;
			buildSettings = {
				ALWAYS_SEARCH_USER_PATHS = NO;
				CLANG_ANALYZER_NONNULL = YES;
				CLANG_ANALYZER_NUMBER_OBJECT_CONVERSION = YES_AGGRESSIVE;
				CLANG_CXX_LANGUAGE_STANDARD = "gnu++20";
				CLANG_ENABLE_MODULES = YES;
				CLANG_ENABLE_OBJC_ARC = YES;
				CLANG_ENABLE_OBJC_WEAK = YES;
				CLANG_WARN_BLOCK_CAPTURE_AUTORELEASING = YES;
				CLANG_WARN_BOOL_CONVERSION = YES;
				CLANG_WARN_COMMA = YES;
				CLANG_WARN_CONSTANT_CONVERSION = YES;
				CLANG_WARN_DEPRECATED_OBJC_IMPLEMENTATIONS = YES;
				CLANG_WARN_DIRECT_OBJC_ISA_USAGE = YES_ERROR;
				CLANG_WARN_DOCUMENTATION_COMMENTS = YES;
				CLANG_WARN_EMPTY_BODY = YES;
				CLANG_WARN_ENUM_CONVERSION = YES;
				CLANG_WARN_INFINITE_RECURSION = YES;
				CLANG_WARN_INT_CONVERSION = YES;
				CLANG_WARN_NON_LITERAL_NULL_CONVERSION = YES;
				CLANG_WARN_OBJC_IMPLICIT_RETAIN_SELF = YES;
				CLANG_WARN_OBJC_LITERAL_CONVERSION = YES;
				CLANG_WARN_OBJC_ROOT_CLASS = YES_ERROR;
				CLANG_WARN_QUOTED_INCLUDE_IN_FRAMEWORK_HEADER = YES;
				CLANG_WARN_RANGE_LOOP_ANALYSIS = YES;
				CLANG_WARN_STRICT_PROTOTYPES = YES;
				CLANG_WARN_SUSPICIOUS_MOVE = YES;
				CLANG_WARN_UNGUARDED_AVAILABILITY = YES_AGGRESSIVE;
				CLANG_WARN_UNREACHABLE_CODE = YES;
				CLANG_WARN__DUPLICATE_METHOD_MATCH = YES;
				COPY_PHASE_STRIP = NO;
				DEBUG_INFORMATION_FORMAT = dwarf;
				ENABLE_STRICT_OBJC_MSGSEND = YES;
				ENABLE_TESTABILITY = YES;
				GCC_C_LANGUAGE_STANDARD = gnu11;
				GCC_DYNAMIC_NO_PIC = NO;
				GCC_NO_COMMON_BLOCKS = YES;
				GCC_OPTIMIZATION_LEVEL = 0;
				GCC_PREPROCESSOR_DEFINITIONS = (
					"DEBUG=1",
					"$(inherited)",
				);
				GCC_WARN_64_TO_32_BIT_CONVERSION = YES;
				GCC_WARN_ABOUT_RETURN_TYPE = YES_ERROR;
				GCC_WARN_UNDECLARED_SELECTOR = YES;
				GCC_WARN_UNINITIALIZED_AUTOS = YES_AGGRESSIVE;
				GCC_WARN_UNUSED_FUNCTION = YES;
				GCC_WARN_UNUSED_VARIABLE = YES;
				IPHONEOS_DEPLOYMENT_TARGET = 16.4;
				MTL_ENABLE_DEBUG_INFO = INCLUDE_SOURCE;
				MTL_FAST_MATH = YES;
				ONLY_ACTIVE_ARCH = YES;
				SDKROOT = iphoneos;
				SWIFT_ACTIVE_COMPILATION_CONDITIONS = DEBUG;
				SWIFT_OPTIMIZATION_LEVEL = "-Onone";
			};
			name = Debug;
		};
		5126DAF12AA135FB0099E40D /* Release */ = {
			isa = XCBuildConfiguration;
			buildSettings = {
				ALWAYS_SEARCH_USER_PATHS = NO;
				CLANG_ANALYZER_NONNULL = YES;
				CLANG_ANALYZER_NUMBER_OBJECT_CONVERSION = YES_AGGRESSIVE;
				CLANG_CXX_LANGUAGE_STANDARD = "gnu++20";
				CLANG_ENABLE_MODULES = YES;
				CLANG_ENABLE_OBJC_ARC = YES;
				CLANG_ENABLE_OBJC_WEAK = YES;
				CLANG_WARN_BLOCK_CAPTURE_AUTORELEASING = YES;
				CLANG_WARN_BOOL_CONVERSION = YES;
				CLANG_WARN_COMMA = YES;
				CLANG_WARN_CONSTANT_CONVERSION = YES;
				CLANG_WARN_DEPRECATED_OBJC_IMPLEMENTATIONS = YES;
				CLANG_WARN_DIRECT_OBJC_ISA_USAGE = YES_ERROR;
				CLANG_WARN_DOCUMENTATION_COMMENTS = YES;
				CLANG_WARN_EMPTY_BODY = YES;
				CLANG_WARN_ENUM_CONVERSION = YES;
				CLANG_WARN_INFINITE_RECURSION = YES;
				CLANG_WARN_INT_CONVERSION = YES;
				CLANG_WARN_NON_LITERAL_NULL_CONVERSION = YES;
				CLANG_WARN_OBJC_IMPLICIT_RETAIN_SELF = YES;
				CLANG_WARN_OBJC_LITERAL_CONVERSION = YES;
				CLANG_WARN_OBJC_ROOT_CLASS = YES_ERROR;
				CLANG_WARN_QUOTED_INCLUDE_IN_FRAMEWORK_HEADER = YES;
				CLANG_WARN_RANGE_LOOP_ANALYSIS = YES;
				CLANG_WARN_STRICT_PROTOTYPES = YES;
				CLANG_WARN_SUSPICIOUS_MOVE = YES;
				CLANG_WARN_UNGUARDED_AVAILABILITY = YES_AGGRESSIVE;
				CLANG_WARN_UNREACHABLE_CODE = YES;
				CLANG_WARN__DUPLICATE_METHOD_MATCH = YES;
				COPY_PHASE_STRIP = NO;
				DEBUG_INFORMATION_FORMAT = "dwarf-with-dsym";
				ENABLE_NS_ASSERTIONS = NO;
				ENABLE_STRICT_OBJC_MSGSEND = YES;
				GCC_C_LANGUAGE_STANDARD = gnu11;
				GCC_NO_COMMON_BLOCKS = YES;
				GCC_WARN_64_TO_32_BIT_CONVERSION = YES;
				GCC_WARN_ABOUT_RETURN_TYPE = YES_ERROR;
				GCC_WARN_UNDECLARED_SELECTOR = YES;
				GCC_WARN_UNINITIALIZED_AUTOS = YES_AGGRESSIVE;
				GCC_WARN_UNUSED_FUNCTION = YES;
				GCC_WARN_UNUSED_VARIABLE = YES;
				IPHONEOS_DEPLOYMENT_TARGET = 16.4;
				MTL_ENABLE_DEBUG_INFO = NO;
				MTL_FAST_MATH = YES;
				SDKROOT = iphoneos;
				SWIFT_COMPILATION_MODE = wholemodule;
				SWIFT_OPTIMIZATION_LEVEL = "-O";
				VALIDATE_PRODUCT = YES;
			};
			name = Release;
		};
		5126DAF32AA135FB0099E40D /* Debug */ = {
			isa = XCBuildConfiguration;
			buildSettings = {
				ASSETCATALOG_COMPILER_APPICON_NAME = AppIcon;
				ASSETCATALOG_COMPILER_GLOBAL_ACCENT_COLOR_NAME = AccentColor;
				CODE_SIGN_STYLE = Automatic;
				CURRENT_PROJECT_VERSION = 1;
				DEVELOPMENT_ASSET_PATHS = "\"HeartRespSensor/Preview Content\"";
				DEVELOPMENT_TEAM = 4Z6YAT98PW;
				ENABLE_PREVIEWS = YES;
				GENERATE_INFOPLIST_FILE = YES;
				INFOPLIST_KEY_UIApplicationSceneManifest_Generation = YES;
				INFOPLIST_KEY_UIApplicationSupportsIndirectInputEvents = YES;
				INFOPLIST_KEY_UILaunchScreen_Generation = YES;
				INFOPLIST_KEY_UISupportedInterfaceOrientations_iPad = "UIInterfaceOrientationPortrait UIInterfaceOrientationPortraitUpsideDown UIInterfaceOrientationLandscapeLeft UIInterfaceOrientationLandscapeRight";
				INFOPLIST_KEY_UISupportedInterfaceOrientations_iPhone = "UIInterfaceOrientationPortrait UIInterfaceOrientationLandscapeLeft UIInterfaceOrientationLandscapeRight";
				LD_RUNPATH_SEARCH_PATHS = (
					"$(inherited)",
					"@executable_path/Frameworks",
				);
				MARKETING_VERSION = 1.0;
				PRODUCT_BUNDLE_IDENTIFIER = com.shubham.HeartRespSensor;
				PRODUCT_NAME = "$(TARGET_NAME)";
				SWIFT_EMIT_LOC_STRINGS = YES;
				SWIFT_VERSION = 5.0;
				TARGETED_DEVICE_FAMILY = "1,2";
			};
			name = Debug;
		};
		5126DAF42AA135FB0099E40D /* Release */ = {
			isa = XCBuildConfiguration;
			buildSettings = {
				ASSETCATALOG_COMPILER_APPICON_NAME = AppIcon;
				ASSETCATALOG_COMPILER_GLOBAL_ACCENT_COLOR_NAME = AccentColor;
				CODE_SIGN_STYLE = Automatic;
				CURRENT_PROJECT_VERSION = 1;
				DEVELOPMENT_ASSET_PATHS = "\"HeartRespSensor/Preview Content\"";
				DEVELOPMENT_TEAM = 4Z6YAT98PW;
				ENABLE_PREVIEWS = YES;
				GENERATE_INFOPLIST_FILE = YES;
				INFOPLIST_KEY_UIApplicationSceneManifest_Generation = YES;
				INFOPLIST_KEY_UIApplicationSupportsIndirectInputEvents = YES;
				INFOPLIST_KEY_UILaunchScreen_Generation = YES;
				INFOPLIST_KEY_UISupportedInterfaceOrientations_iPad = "UIInterfaceOrientationPortrait UIInterfaceOrientationPortraitUpsideDown UIInterfaceOrientationLandscapeLeft UIInterfaceOrientationLandscapeRight";
				INFOPLIST_KEY_UISupportedInterfaceOrientations_iPhone = "UIInterfaceOrientationPortrait UIInterfaceOrientationLandscapeLeft UIInterfaceOrientationLandscapeRight";
				LD_RUNPATH_SEARCH_PATHS = (
					"$(inherited)",
					"@executable_path/Frameworks",
				);
				MARKETING_VERSION = 1.0;
				PRODUCT_BUNDLE_IDENTIFIER = com.shubham.HeartRespSensor;
				PRODUCT_NAME = "$(TARGET_NAME)";
				SWIFT_EMIT_LOC_STRINGS = YES;
				SWIFT_VERSION = 5.0;
				TARGETED_DEVICE_FAMILY = "1,2";
			};
			name = Release;
		};
/* End XCBuildConfiguration section */

/* Begin XCConfigurationList section */
		5126DADF2AA135FA0099E40D /* Build configuration list for PBXProject "HeartRespSensor" */ = {
			isa = XCConfigurationList;
			buildConfigurations = (
				5126DAF02AA135FB0099E40D /* Debug */,
				5126DAF12AA135FB0099E40D /* Release */,
			);
			defaultConfigurationIsVisible = 0;
			defaultConfigurationName = Release;
		};
		5126DAF22AA135FB0099E40D /* Build configuration list for PBXNativeTarget "HeartRespSensor" */ = {
			isa = XCConfigurationList;
			buildConfigurations = (
				5126DAF32AA135FB0099E40D /* Debug */,
				5126DAF42AA135FB0099E40D /* Release */,
			);
			defaultConfigurationIsVisible = 0;
			defaultConfigurationName = Release;
		};
/* End XCConfigurationList section */

/* Begin XCVersionGroup section */
		5126DAF72AA17CFD0099E40D /* HeartRespSensor.xcdatamodeld */ = {
			isa = XCVersionGroup;
			children = (
				5126DAF82AA17CFD0099E40D /* HeartRespSensor.xcdatamodel */,
			);
			currentVersion = 5126DAF82AA17CFD0099E40D /* HeartRespSensor.xcdatamodel */;
			path = HeartRespSensor.xcdatamodeld;
			sourceTree = "<group>";
			versionGroupType = wrapper.xcdatamodel;
		};
/* End XCVersionGroup section */
	};
	rootObject = 5126DADC2AA135FA0099E40D /* Project object */;
}
